
Microsoft Visual Studio Solution File, Format Version 12.00
# Visual Studio 14
VisualStudioVersion = 14.0.25123.0
MinimumVisualStudioVersion = 10.0.40219.1
Project("{FAE04EC0-301F-11D3-BF4B-00C04F79EFBC}") = "helloWorld", "helloWorld\helloWorld.csproj", "{136C4601-FE12-4E9B-A2D2-40C19542CB3D}"
EndProject
Global
	GlobalSection(SolutionConfigurationPlatforms) = preSolution
		Debug|Any CPU = Debug|Any CPU
		Release|Any CPU = Release|Any CPU
	EndGlobalSection
	GlobalSection(ProjectConfigurationPlatforms) = postSolution
		{136C4601-FE12-4E9B-A2D2-40C19542CB3D}.Debug|Any CPU.ActiveCfg = Debug|Any CPU
		{136C4601-FE12-4E9B-A2D2-40C19542CB3D}.Debug|Any CPU.Build.0 = Debug|Any CPU
		{136C4601-FE12-4E9B-A2D2-40C19542CB3D}.Release|Any CPU.ActiveCfg = Release|Any CPU
		{136C4601-FE12-4E9B-A2D2-40C19542CB3D}.Release|Any CPU.Build.0 = Release|Any CPU
	EndGlobalSection
	GlobalSection(SolutionProperties) = preSolution
		HideSolutionNode = FALSE
	EndGlobalSection
EndGlobal
